
Microsoft Visual Studio Solution File, Format Version 12.00
# Visual Studio Version 17
VisualStudioVersion = 17.4.33103.184
MinimumVisualStudioVersion = 10.0.40219.1
Project("{9A19103F-16F7-4668-BE54-9A1E7A4F7556}") = "HobbyNet", "HobbyNet.csproj", "{583ED9BC-215A-4278-B230-4F690ECF226F}"
EndProject
Project("{9A19103F-16F7-4668-BE54-9A1E7A4F7556}") = "EFDataAccessLibrary", "..\EFDataAccessLibrary\EFDataAccessLibrary.csproj", "{21C9A004-A7EE-4526-80D0-075D56E4F0F8}"
EndProject
Project("{9A19103F-16F7-4668-BE54-9A1E7A4F7556}") = "HobbyNetWebsite", "..\HobbyNetWebsite\HobbyNetWebsite.csproj", "{0181C35F-ECB2-4606-8217-5EDC24662DF3}"
EndProject
Global
	GlobalSection(SolutionConfigurationPlatforms) = preSolution
		Debug|Any CPU = Debug|Any CPU
		Release|Any CPU = Release|Any CPU
	EndGlobalSection
	GlobalSection(ProjectConfigurationPlatforms) = postSolution
		{583ED9BC-215A-4278-B230-4F690ECF226F}.Debug|Any CPU.ActiveCfg = Debug|Any CPU
		{583ED9BC-215A-4278-B230-4F690ECF226F}.Debug|Any CPU.Build.0 = Debug|Any CPU
		{583ED9BC-215A-4278-B230-4F690ECF226F}.Release|Any CPU.ActiveCfg = Release|Any CPU
		{583ED9BC-215A-4278-B230-4F690ECF226F}.Release|Any CPU.Build.0 = Release|Any CPU
		{21C9A004-A7EE-4526-80D0-075D56E4F0F8}.Debug|Any CPU.ActiveCfg = Debug|Any CPU
		{21C9A004-A7EE-4526-80D0-075D56E4F0F8}.Debug|Any CPU.Build.0 = Debug|Any CPU
		{21C9A004-A7EE-4526-80D0-075D56E4F0F8}.Release|Any CPU.ActiveCfg = Release|Any CPU
		{21C9A004-A7EE-4526-80D0-075D56E4F0F8}.Release|Any CPU.Build.0 = Release|Any CPU
		{0181C35F-ECB2-4606-8217-5EDC24662DF3}.Debug|Any CPU.ActiveCfg = Debug|Any CPU
		{0181C35F-ECB2-4606-8217-5EDC24662DF3}.Debug|Any CPU.Build.0 = Debug|Any CPU
		{0181C35F-ECB2-4606-8217-5EDC24662DF3}.Release|Any CPU.ActiveCfg = Release|Any CPU
		{0181C35F-ECB2-4606-8217-5EDC24662DF3}.Release|Any CPU.Build.0 = Release|Any CPU
	EndGlobalSection
	GlobalSection(SolutionProperties) = preSolution
		HideSolutionNode = FALSE
	EndGlobalSection
	GlobalSection(ExtensibilityGlobals) = postSolution
		SolutionGuid = {4EC2EE6E-16F3-4F97-9112-CF2D56E03601}
	EndGlobalSection
EndGlobal
